
Microsoft Visual Studio Solution File, Format Version 12.00
# Visual Studio 15
VisualStudioVersion = 15.0.26730.8
MinimumVisualStudioVersion = 10.0.40219.1
Project("{FAE04EC0-301F-11D3-BF4B-00C04F79EFBC}") = "Llama.Library", "Llama.Library\Llama.Library.csproj", "{E33D8A5F-9548-4A87-9CAE-300D08EF1887}"
EndProject
Project("{FAE04EC0-301F-11D3-BF4B-00C04F79EFBC}") = "LlamaTwo.WPF", "LlamaTwo.WPF\LlamaTwo.WPF.csproj", "{3EEA13C3-CFF7-4AA3-A71F-CD94DCCCDD44}"
EndProject
Global
	GlobalSection(SolutionConfigurationPlatforms) = preSolution
		Debug|Any CPU = Debug|Any CPU
		Release|Any CPU = Release|Any CPU
	EndGlobalSection
	GlobalSection(ProjectConfigurationPlatforms) = postSolution
		{E33D8A5F-9548-4A87-9CAE-300D08EF1887}.Debug|Any CPU.ActiveCfg = Debug|Any CPU
		{E33D8A5F-9548-4A87-9CAE-300D08EF1887}.Debug|Any CPU.Build.0 = Debug|Any CPU
		{E33D8A5F-9548-4A87-9CAE-300D08EF1887}.Release|Any CPU.ActiveCfg = Release|Any CPU
		{E33D8A5F-9548-4A87-9CAE-300D08EF1887}.Release|Any CPU.Build.0 = Release|Any CPU
		{3EEA13C3-CFF7-4AA3-A71F-CD94DCCCDD44}.Debug|Any CPU.ActiveCfg = Debug|Any CPU
		{3EEA13C3-CFF7-4AA3-A71F-CD94DCCCDD44}.Debug|Any CPU.Build.0 = Debug|Any CPU
		{3EEA13C3-CFF7-4AA3-A71F-CD94DCCCDD44}.Release|Any CPU.ActiveCfg = Release|Any CPU
		{3EEA13C3-CFF7-4AA3-A71F-CD94DCCCDD44}.Release|Any CPU.Build.0 = Release|Any CPU
	EndGlobalSection
	GlobalSection(SolutionProperties) = preSolution
		HideSolutionNode = FALSE
	EndGlobalSection
	GlobalSection(ExtensibilityGlobals) = postSolution
		SolutionGuid = {620A18CA-7EA1-4197-844B-4059678D39DD}
	EndGlobalSection
	GlobalSection(Performance) = preSolution
		HasPerformanceSessions = true
	EndGlobalSection
EndGlobal
